
Microsoft Visual Studio Solution File, Format Version 12.00
Project("{FAE04EC0-301F-11D3-BF4B-00C04F79EFBC}") = "LeaveControl.Api", "LeaveControl.Api\LeaveControl.Api.csproj", "{406BAD26-5A0B-47C6-A6F2-AD630025B088}"
EndProject
Project("{FAE04EC0-301F-11D3-BF4B-00C04F79EFBC}") = "LeaveControl.Domain", "LeaveControl.Domain\LeaveControl.Domain.csproj", "{EFC21214-F3B2-4979-A7E1-424E5BB5AD92}"
EndProject
Project("{FAE04EC0-301F-11D3-BF4B-00C04F79EFBC}") = "LeaveControl.Application", "LeaveControl.Application\LeaveControl.Application.csproj", "{2F5AF588-20CE-4342-9D62-BB481B88DE8A}"
EndProject
Project("{FAE04EC0-301F-11D3-BF4B-00C04F79EFBC}") = "LeaveControl.Infrastructure", "LeaveControl.Infrastructure\LeaveControl.Infrastructure.csproj", "{E57827DC-6DAE-4560-84E1-0D5A3640F0CC}"
EndProject
Project("{2150E333-8FDC-42A3-9474-1A3956D46DE8}") = "test", "test", "{FFD982C0-B221-4810-9DA1-BB8CB16A4EDA}"
EndProject
Project("{FAE04EC0-301F-11D3-BF4B-00C04F79EFBC}") = "LeaveControl.Domain.Tests", "LeaveControl.Domain.Tests\LeaveControl.Domain.Tests.csproj", "{A71AD4E9-5D73-40FF-801D-73338FDFD357}"
EndProject
Project("{FAE04EC0-301F-11D3-BF4B-00C04F79EFBC}") = "LeaveControl.Utils", "LeaveControl.Utils\LeaveControl.Utils.csproj", "{97AC9DF3-D312-42F6-B2BF-8A12A8F841BD}"
EndProject
Project("{FAE04EC0-301F-11D3-BF4B-00C04F79EFBC}") = "LeaveControl.Utils.Tests", "LeaveControl.Utils.Tests\LeaveControl.Utils.Tests.csproj", "{B968D612-F38D-42FC-9D4D-013E34DED796}"
EndProject
Project("{FAE04EC0-301F-11D3-BF4B-00C04F79EFBC}") = "LeaveControl.Infrastructure.Tests", "LeaveControl.Infrastructure.Tests\LeaveControl.Infrastructure.Tests.csproj", "{C68DF2B7-DF06-4052-8E64-FAFEBB365631}"
EndProject
Project("{2150E333-8FDC-42A3-9474-1A3956D46DE8}") = "docker", "docker", "{7812309C-F473-4903-BBE5-D06F70AA9DF4}"
	ProjectSection(SolutionItems) = preProject
		docker-compose.yml = docker-compose.yml
	EndProjectSection
EndProject
Project("{FAE04EC0-301F-11D3-BF4B-00C04F79EFBC}") = "LeaveControl.Api.IntegrationTests", "LeaveControl.Api.IntegrationTests\LeaveControl.Api.IntegrationTests.csproj", "{4709EE4E-7B92-40E0-9C60-7045E65E0224}"
EndProject
Global
	GlobalSection(SolutionConfigurationPlatforms) = preSolution
		Debug|Any CPU = Debug|Any CPU
		Release|Any CPU = Release|Any CPU
	EndGlobalSection
	GlobalSection(ProjectConfigurationPlatforms) = postSolution
		{406BAD26-5A0B-47C6-A6F2-AD630025B088}.Debug|Any CPU.ActiveCfg = Debug|Any CPU
		{406BAD26-5A0B-47C6-A6F2-AD630025B088}.Debug|Any CPU.Build.0 = Debug|Any CPU
		{406BAD26-5A0B-47C6-A6F2-AD630025B088}.Release|Any CPU.ActiveCfg = Release|Any CPU
		{406BAD26-5A0B-47C6-A6F2-AD630025B088}.Release|Any CPU.Build.0 = Release|Any CPU
		{EFC21214-F3B2-4979-A7E1-424E5BB5AD92}.Debug|Any CPU.ActiveCfg = Debug|Any CPU
		{EFC21214-F3B2-4979-A7E1-424E5BB5AD92}.Debug|Any CPU.Build.0 = Debug|Any CPU
		{EFC21214-F3B2-4979-A7E1-424E5BB5AD92}.Release|Any CPU.ActiveCfg = Release|Any CPU
		{EFC21214-F3B2-4979-A7E1-424E5BB5AD92}.Release|Any CPU.Build.0 = Release|Any CPU
		{2F5AF588-20CE-4342-9D62-BB481B88DE8A}.Debug|Any CPU.ActiveCfg = Debug|Any CPU
		{2F5AF588-20CE-4342-9D62-BB481B88DE8A}.Debug|Any CPU.Build.0 = Debug|Any CPU
		{2F5AF588-20CE-4342-9D62-BB481B88DE8A}.Release|Any CPU.ActiveCfg = Release|Any CPU
		{2F5AF588-20CE-4342-9D62-BB481B88DE8A}.Release|Any CPU.Build.0 = Release|Any CPU
		{E57827DC-6DAE-4560-84E1-0D5A3640F0CC}.Debug|Any CPU.ActiveCfg = Debug|Any CPU
		{E57827DC-6DAE-4560-84E1-0D5A3640F0CC}.Debug|Any CPU.Build.0 = Debug|Any CPU
		{E57827DC-6DAE-4560-84E1-0D5A3640F0CC}.Release|Any CPU.ActiveCfg = Release|Any CPU
		{E57827DC-6DAE-4560-84E1-0D5A3640F0CC}.Release|Any CPU.Build.0 = Release|Any CPU
		{A71AD4E9-5D73-40FF-801D-73338FDFD357}.Debug|Any CPU.ActiveCfg = Debug|Any CPU
		{A71AD4E9-5D73-40FF-801D-73338FDFD357}.Debug|Any CPU.Build.0 = Debug|Any CPU
		{A71AD4E9-5D73-40FF-801D-73338FDFD357}.Release|Any CPU.ActiveCfg = Release|Any CPU
		{A71AD4E9-5D73-40FF-801D-73338FDFD357}.Release|Any CPU.Build.0 = Release|Any CPU
		{97AC9DF3-D312-42F6-B2BF-8A12A8F841BD}.Debug|Any CPU.ActiveCfg = Debug|Any CPU
		{97AC9DF3-D312-42F6-B2BF-8A12A8F841BD}.Debug|Any CPU.Build.0 = Debug|Any CPU
		{97AC9DF3-D312-42F6-B2BF-8A12A8F841BD}.Release|Any CPU.ActiveCfg = Release|Any CPU
		{97AC9DF3-D312-42F6-B2BF-8A12A8F841BD}.Release|Any CPU.Build.0 = Release|Any CPU
		{B968D612-F38D-42FC-9D4D-013E34DED796}.Debug|Any CPU.ActiveCfg = Debug|Any CPU
		{B968D612-F38D-42FC-9D4D-013E34DED796}.Debug|Any CPU.Build.0 = Debug|Any CPU
		{B968D612-F38D-42FC-9D4D-013E34DED796}.Release|Any CPU.ActiveCfg = Release|Any CPU
		{B968D612-F38D-42FC-9D4D-013E34DED796}.Release|Any CPU.Build.0 = Release|Any CPU
		{C68DF2B7-DF06-4052-8E64-FAFEBB365631}.Debug|Any CPU.ActiveCfg = Debug|Any CPU
		{C68DF2B7-DF06-4052-8E64-FAFEBB365631}.Debug|Any CPU.Build.0 = Debug|Any CPU
		{C68DF2B7-DF06-4052-8E64-FAFEBB365631}.Release|Any CPU.ActiveCfg = Release|Any CPU
		{C68DF2B7-DF06-4052-8E64-FAFEBB365631}.Release|Any CPU.Build.0 = Release|Any CPU
		{4709EE4E-7B92-40E0-9C60-7045E65E0224}.Debug|Any CPU.ActiveCfg = Debug|Any CPU
		{4709EE4E-7B92-40E0-9C60-7045E65E0224}.Debug|Any CPU.Build.0 = Debug|Any CPU
		{4709EE4E-7B92-40E0-9C60-7045E65E0224}.Release|Any CPU.ActiveCfg = Release|Any CPU
		{4709EE4E-7B92-40E0-9C60-7045E65E0224}.Release|Any CPU.Build.0 = Release|Any CPU
	EndGlobalSection
	GlobalSection(NestedProjects) = preSolution
		{A71AD4E9-5D73-40FF-801D-73338FDFD357} = {FFD982C0-B221-4810-9DA1-BB8CB16A4EDA}
		{B968D612-F38D-42FC-9D4D-013E34DED796} = {FFD982C0-B221-4810-9DA1-BB8CB16A4EDA}
		{C68DF2B7-DF06-4052-8E64-FAFEBB365631} = {FFD982C0-B221-4810-9DA1-BB8CB16A4EDA}
		{4709EE4E-7B92-40E0-9C60-7045E65E0224} = {FFD982C0-B221-4810-9DA1-BB8CB16A4EDA}
	EndGlobalSection
EndGlobal
